
Microsoft Visual Studio Solution File, Format Version 12.00
# Visual Studio Version 16
VisualStudioVersion = 16.0.29215.179
MinimumVisualStudioVersion = 10.0.40219.1
Project("{FAE04EC0-301F-11D3-BF4B-00C04F79EFBC}") = "TrackerLibrary", "TrackerLibrary.csproj", "{1E4917B5-DE41-4681-825D-EBF617D13323}"
EndProject
Global
	GlobalSection(SolutionConfigurationPlatforms) = preSolution
		Debug|Any CPU = Debug|Any CPU
		Release|Any CPU = Release|Any CPU
	EndGlobalSection
	GlobalSection(ProjectConfigurationPlatforms) = postSolution
		{1E4917B5-DE41-4681-825D-EBF617D13323}.Debug|Any CPU.ActiveCfg = Debug|Any CPU
		{1E4917B5-DE41-4681-825D-EBF617D13323}.Debug|Any CPU.Build.0 = Debug|Any CPU
		{1E4917B5-DE41-4681-825D-EBF617D13323}.Release|Any CPU.ActiveCfg = Release|Any CPU
		{1E4917B5-DE41-4681-825D-EBF617D13323}.Release|Any CPU.Build.0 = Release|Any CPU
	EndGlobalSection
	GlobalSection(SolutionProperties) = preSolution
		HideSolutionNode = FALSE
	EndGlobalSection
	GlobalSection(ExtensibilityGlobals) = postSolution
		SolutionGuid = {E7BE5C72-BD9D-40E5-85A4-5CAEA4FDC940}
	EndGlobalSection
EndGlobal
